
Microsoft Visual Studio Solution File, Format Version 12.00
# Visual Studio 15
VisualStudioVersion = 15.0.28010.2048
MinimumVisualStudioVersion = 10.0.40219.1
Project("{FAE04EC0-301F-11D3-BF4B-00C04F79EFBC}") = "Benchmarks", "Benchmarks\Benchmarks.csproj", "{DA9915F0-7F27-4E73-8AC0-422363E80A5A}"
EndProject
Project("{9A19103F-16F7-4668-BE54-9A1E7A4F7556}") = "ExpressMapper", "ExpressMapper\ExpressMapper.csproj", "{969E6614-0489-4174-A735-CC66F51D8746}"
EndProject
Project("{9A19103F-16F7-4668-BE54-9A1E7A4F7556}") = "ExpressMapper.Tests.Model", "ExpressMapper.Tests.Model\ExpressMapper.Tests.Model.csproj", "{4A70832D-08CA-4937-A64B-D0E010242838}"
EndProject
Project("{2150E333-8FDC-42A3-9474-1A3956D46DE8}") = "Tests", "Tests", "{B4A6D26A-0E12-4936-8B32-1BD80D6599E1}"
EndProject
Project("{9A19103F-16F7-4668-BE54-9A1E7A4F7556}") = "ExpressMapper.Tests", "ExpressMapper.Tests\ExpressMapper.Tests.csproj", "{0668290F-383C-41DA-8D43-0D00F80A3C48}"
EndProject
Global
	GlobalSection(SolutionConfigurationPlatforms) = preSolution
		Debug|Any CPU = Debug|Any CPU
		Release|Any CPU = Release|Any CPU
	EndGlobalSection
	GlobalSection(ProjectConfigurationPlatforms) = postSolution
		{DA9915F0-7F27-4E73-8AC0-422363E80A5A}.Debug|Any CPU.ActiveCfg = Debug|Any CPU
		{DA9915F0-7F27-4E73-8AC0-422363E80A5A}.Debug|Any CPU.Build.0 = Debug|Any CPU
		{DA9915F0-7F27-4E73-8AC0-422363E80A5A}.Release|Any CPU.ActiveCfg = Release|Any CPU
		{DA9915F0-7F27-4E73-8AC0-422363E80A5A}.Release|Any CPU.Build.0 = Release|Any CPU
		{969E6614-0489-4174-A735-CC66F51D8746}.Debug|Any CPU.ActiveCfg = Debug|Any CPU
		{969E6614-0489-4174-A735-CC66F51D8746}.Debug|Any CPU.Build.0 = Debug|Any CPU
		{969E6614-0489-4174-A735-CC66F51D8746}.Release|Any CPU.ActiveCfg = Release|Any CPU
		{969E6614-0489-4174-A735-CC66F51D8746}.Release|Any CPU.Build.0 = Release|Any CPU
		{4A70832D-08CA-4937-A64B-D0E010242838}.Debug|Any CPU.ActiveCfg = Debug|Any CPU
		{4A70832D-08CA-4937-A64B-D0E010242838}.Debug|Any CPU.Build.0 = Debug|Any CPU
		{4A70832D-08CA-4937-A64B-D0E010242838}.Release|Any CPU.ActiveCfg = Release|Any CPU
		{4A70832D-08CA-4937-A64B-D0E010242838}.Release|Any CPU.Build.0 = Release|Any CPU
		{0668290F-383C-41DA-8D43-0D00F80A3C48}.Debug|Any CPU.ActiveCfg = Debug|Any CPU
		{0668290F-383C-41DA-8D43-0D00F80A3C48}.Debug|Any CPU.Build.0 = Debug|Any CPU
		{0668290F-383C-41DA-8D43-0D00F80A3C48}.Release|Any CPU.ActiveCfg = Release|Any CPU
		{0668290F-383C-41DA-8D43-0D00F80A3C48}.Release|Any CPU.Build.0 = Release|Any CPU
	EndGlobalSection
	GlobalSection(SolutionProperties) = preSolution
		HideSolutionNode = FALSE
	EndGlobalSection
	GlobalSection(NestedProjects) = preSolution
		{4A70832D-08CA-4937-A64B-D0E010242838} = {B4A6D26A-0E12-4936-8B32-1BD80D6599E1}
		{0668290F-383C-41DA-8D43-0D00F80A3C48} = {B4A6D26A-0E12-4936-8B32-1BD80D6599E1}
	EndGlobalSection
	GlobalSection(ExtensibilityGlobals) = postSolution
		SolutionGuid = {FA519356-8A99-467F-B04C-55C0D7D4DCF4}
	EndGlobalSection
EndGlobal
